{
  "name": "web-components",
  "version": "0.0.1",
  "lockfileVersion": 3,
  "requires": true,
  "packages": {
    "": {
      "name": "web-components",
      "version": "0.0.1",
      "workspaces": [
        "packages/*"
      ],
      "devDependencies": {
        "typescript": "^5.5.4"
      }
    },
    "node_modules/@hd-web/components": {
      "resolved": "packages/components",
      "link": true
    },
    "node_modules/@hd-web/jsx": {
      "resolved": "packages/jsx",
      "link": true
    },
    "node_modules/@michijs/htmltype": {
      "version": "0.2.16",
      "resolved": "https://registry.npmjs.org/@michijs/htmltype/-/htmltype-0.2.16.tgz",
      "integrity": "sha512-H3e9mIAXtfYSbcX513+XRNaQlpdsfP3LjhGJ4J3t8B9T+xmcbkd1mJ1BRZKZTBQ4VnCxVhbqd05l96HCX5BLpQ==",
      "dev": true,
      "license": "MIT",
      "dependencies": {
        "@michijs/vscode-mathml": "1.0.4",
        "@michijs/vscode-svg": "2.0.8",
        "@vscode/web-custom-data": "0.4.11"
      },
      "peerDependencies": {
        "csstype": "^3.1.2"
      }
    },
    "node_modules/@michijs/vscode-mathml": {
      "version": "1.0.4",
      "resolved": "https://registry.npmjs.org/@michijs/vscode-mathml/-/vscode-mathml-1.0.4.tgz",
      "integrity": "sha512-ym9dbFVg9Rp1dsIcFJHxnM8RDlzFQodQ+55xPpG290yPQS9TFRF1vOk4vU6GBvzyVQxcEdtSFRIfvqc6LVw3ww==",
      "dev": true,
      "license": "MIT",
      "engines": {
        "vscode": "^1.38.0"
      }
    },
    "node_modules/@michijs/vscode-svg": {
      "version": "2.0.8",
      "resolved": "https://registry.npmjs.org/@michijs/vscode-svg/-/vscode-svg-2.0.8.tgz",
      "integrity": "sha512-Et8dznYkatHGeLZ3xiHJneCNM0VF5F5bCFd1S4le0Ud+WHHdImi+funqCNiEuPbc9jT9K1GPzv1cKFUUld5G6g==",
      "dev": true,
      "license": "MIT",
      "engines": {
        "vscode": "^1.38.0"
      }
    },
    "node_modules/@vscode/web-custom-data": {
      "version": "0.4.11",
      "resolved": "https://registry.npmjs.org/@vscode/web-custom-data/-/web-custom-data-0.4.11.tgz",
      "integrity": "sha512-cJuycq8j3mSBwTvUS5fCjUG/VV0n1ht/iJF6n1nR3BbZ51ICK/51pTtYqFNZQmYuH/PxzMvqzhy1H15Vz6l0UQ==",
      "dev": true,
      "license": "MIT"
    },
    "node_modules/csstype": {
      "version": "3.1.3",
      "resolved": "https://registry.npmjs.org/csstype/-/csstype-3.1.3.tgz",
      "integrity": "sha512-M1uQkMl8rQK/szD0LNhtqxIPLpimGm8sOBwU7lLnCpSbTyY3yeU1Vc7l4KT5zT4s/yOxHH5O7tIuuLOCnLADRw==",
      "dev": true,
      "license": "MIT"
    },
    "node_modules/typescript": {
      "version": "5.5.4",
      "resolved": "https://registry.npmjs.org/typescript/-/typescript-5.5.4.tgz",
      "integrity": "sha512-Mtq29sKDAEYP7aljRgtPOpTvOfbwRWlS6dPRzwjdE+C0R4brX/GUyhHSecbHMFLNBLcJIPt9nl9yG5TZ1weH+Q==",
      "dev": true,
      "license": "Apache-2.0",
      "bin": {
        "tsc": "bin/tsc",
        "tsserver": "bin/tsserver"
      },
      "engines": {
        "node": ">=14.17"
      }
    },
    "packages/components": {
      "name": "@hd-web/components",
      "version": "0.0.1",
      "devDependencies": {
        "@hd-web/jsx": "0.0.1"
      }
    },
    "packages/jsx": {
      "name": "@hd-web/jsx",
      "version": "0.0.1",
      "devDependencies": {
        "@michijs/htmltype": "^0.2.16",
        "csstype": "^3.1.3"
      }
    }
  }
}
